// !$*UTF8*$!
{
	archiveVersion = 1;
	classes = {
	};
	objectVersion = 46;
	objects = {

/* Begin PBXBuildFile section */
		269DBCD61BA4CCA80016D606 /* SignUpViewController.swift in Sources */ = {isa = PBXBuildFile; fileRef = 269DBCD51BA4CCA80016D606 /* SignUpViewController.swift */; };
		269DBCDC1BA508F00016D606 /* HackathonViewController.swift in Sources */ = {isa = PBXBuildFile; fileRef = 269DBCDB1BA508F00016D606 /* HackathonViewController.swift */; };
		269DBCDE1BA517D00016D606 /* InterestsTableViewController.swift in Sources */ = {isa = PBXBuildFile; fileRef = 269DBCDD1BA517D00016D606 /* InterestsTableViewController.swift */; };
		269DBCE01BA56B1A0016D606 /* SkillsTableViewController.swift in Sources */ = {isa = PBXBuildFile; fileRef = 269DBCDF1BA56B1A0016D606 /* SkillsTableViewController.swift */; };
		26F9192C1BA48047009E9E1A /* AppDelegate.swift in Sources */ = {isa = PBXBuildFile; fileRef = 26F9192B1BA48047009E9E1A /* AppDelegate.swift */; };
		26F9192E1BA48047009E9E1A /* ViewController.swift in Sources */ = {isa = PBXBuildFile; fileRef = 26F9192D1BA48047009E9E1A /* ViewController.swift */; };
		26F919311BA48047009E9E1A /* Main.storyboard in Resources */ = {isa = PBXBuildFile; fileRef = 26F9192F1BA48047009E9E1A /* Main.storyboard */; };
		26F919331BA48047009E9E1A /* Images.xcassets in Resources */ = {isa = PBXBuildFile; fileRef = 26F919321BA48047009E9E1A /* Images.xcassets */; };
		26F919361BA48047009E9E1A /* LaunchScreen.xib in Resources */ = {isa = PBXBuildFile; fileRef = 26F919341BA48047009E9E1A /* LaunchScreen.xib */; };
		26F919421BA48048009E9E1A /* HackaTeamTests.swift in Sources */ = {isa = PBXBuildFile; fileRef = 26F919411BA48048009E9E1A /* HackaTeamTests.swift */; };
		3862DC0D1BA545C200FE5CAC /* zachprofile.png in Resources */ = {isa = PBXBuildFile; fileRef = 3862DC0B1BA545C200FE5CAC /* zachprofile.png */; };
		3862DC0E1BA545C200FE5CAC /* willprofile.png in Resources */ = {isa = PBXBuildFile; fileRef = 3862DC0C1BA545C200FE5CAC /* willprofile.png */; };
		3880F2E11BA5189D0012700C /* Hack-A-Team Logo120120.png in Resources */ = {isa = PBXBuildFile; fileRef = 3880F2E01BA5189D0012700C /* Hack-A-Team Logo120120.png */; };
		38A6BB6E1BA4FC06003DC8B0 /* mhacks.png in Resources */ = {isa = PBXBuildFile; fileRef = 38A6BB651BA4FC06003DC8B0 /* mhacks.png */; };
		38A6BB6F1BA4FC06003DC8B0 /* RAMHACKS.png in Resources */ = {isa = PBXBuildFile; fileRef = 38A6BB661BA4FC06003DC8B0 /* RAMHACKS.png */; };
		38A6BB701BA4FC06003DC8B0 /* bigred.png in Resources */ = {isa = PBXBuildFile; fileRef = 38A6BB671BA4FC06003DC8B0 /* bigred.png */; };
		38A6BB711BA4FC06003DC8B0 /* hackthenorth.png in Resources */ = {isa = PBXBuildFile; fileRef = 38A6BB681BA4FC06003DC8B0 /* hackthenorth.png */; };
		38A6BB721BA4FC06003DC8B0 /* vandy.png in Resources */ = {isa = PBXBuildFile; fileRef = 38A6BB691BA4FC06003DC8B0 /* vandy.png */; };
		38A6BB731BA4FC06003DC8B0 /* hackru.png in Resources */ = {isa = PBXBuildFile; fileRef = 38A6BB6A1BA4FC06003DC8B0 /* hackru.png */; };
		38A6BB741BA4FC06003DC8B0 /* calhacks.png in Resources */ = {isa = PBXBuildFile; fileRef = 38A6BB6B1BA4FC06003DC8B0 /* calhacks.png */; };
		38A6BB751BA4FC06003DC8B0 /* boilermake.png in Resources */ = {isa = PBXBuildFile; fileRef = 38A6BB6C1BA4FC06003DC8B0 /* boilermake.png */; };
		38A6BB761BA4FC06003DC8B0 /* wildhacks.png in Resources */ = {isa = PBXBuildFile; fileRef = 38A6BB6D1BA4FC06003DC8B0 /* wildhacks.png */; };
		38A6BB7A1BA509F6003DC8B0 /* purdueP.png in Resources */ = {isa = PBXBuildFile; fileRef = 38A6BB791BA509F6003DC8B0 /* purdueP.png */; };
		77D1C6558EBE3BDE210A48C8 /* libPods.a in Frameworks */ = {isa = PBXBuildFile; fileRef = FC35465977FE331C97E5637A /* libPods.a */; };
/* End PBXBuildFile section */

/* Begin PBXContainerItemProxy section */
		26F9193C1BA48048009E9E1A /* PBXContainerItemProxy */ = {
			isa = PBXContainerItemProxy;
			containerPortal = 26F9191E1BA48047009E9E1A /* Project object */;
			proxyType = 1;
			remoteGlobalIDString = 26F919251BA48047009E9E1A;
			remoteInfo = HackaTeam;
		};
/* End PBXContainerItemProxy section */

/* Begin PBXFileReference section */
		269DBCD51BA4CCA80016D606 /* SignUpViewController.swift */ = {isa = PBXFileReference; fileEncoding = 4; lastKnownFileType = sourcecode.swift; path = SignUpViewController.swift; sourceTree = "<group>"; };
		269DBCDB1BA508F00016D606 /* HackathonViewController.swift */ = {isa = PBXFileReference; fileEncoding = 4; lastKnownFileType = sourcecode.swift; path = HackathonViewController.swift; sourceTree = "<group>"; };
		269DBCDD1BA517D00016D606 /* InterestsTableViewController.swift */ = {isa = PBXFileReference; fileEncoding = 4; lastKnownFileType = sourcecode.swift; path = InterestsTableViewController.swift; sourceTree = "<group>"; };
		269DBCDF1BA56B1A0016D606 /* SkillsTableViewController.swift */ = {isa = PBXFileReference; fileEncoding = 4; lastKnownFileType = sourcecode.swift; path = SkillsTableViewController.swift; sourceTree = "<group>"; };
		26F919261BA48047009E9E1A /* HackaTeam.app */ = {isa = PBXFileReference; explicitFileType = wrapper.application; includeInIndex = 0; path = HackaTeam.app; sourceTree = BUILT_PRODUCTS_DIR; };
		26F9192A1BA48047009E9E1A /* Info.plist */ = {isa = PBXFileReference; lastKnownFileType = text.plist.xml; path = Info.plist; sourceTree = "<group>"; };
		26F9192B1BA48047009E9E1A /* AppDelegate.swift */ = {isa = PBXFileReference; lastKnownFileType = sourcecode.swift; path = AppDelegate.swift; sourceTree = "<group>"; };
		26F9192D1BA48047009E9E1A /* ViewController.swift */ = {isa = PBXFileReference; lastKnownFileType = sourcecode.swift; path = ViewController.swift; sourceTree = "<group>"; };
		26F919301BA48047009E9E1A /* Base */ = {isa = PBXFileReference; lastKnownFileType = file.storyboard; name = Base; path = Base.lproj/Main.storyboard; sourceTree = "<group>"; };
		26F919321BA48047009E9E1A /* Images.xcassets */ = {isa = PBXFileReference; lastKnownFileType = folder.assetcatalog; path = Images.xcassets; sourceTree = "<group>"; };
		26F919351BA48047009E9E1A /* Base */ = {isa = PBXFileReference; lastKnownFileType = file.xib; name = Base; path = Base.lproj/LaunchScreen.xib; sourceTree = "<group>"; };
		26F9193B1BA48048009E9E1A /* HackaTeamTests.xctest */ = {isa = PBXFileReference; explicitFileType = wrapper.cfbundle; includeInIndex = 0; path = HackaTeamTests.xctest; sourceTree = BUILT_PRODUCTS_DIR; };
		26F919401BA48048009E9E1A /* Info.plist */ = {isa = PBXFileReference; lastKnownFileType = text.plist.xml; path = Info.plist; sourceTree = "<group>"; };
		26F919411BA48048009E9E1A /* HackaTeamTests.swift */ = {isa = PBXFileReference; lastKnownFileType = sourcecode.swift; path = HackaTeamTests.swift; sourceTree = "<group>"; };
		3862DC0B1BA545C200FE5CAC /* zachprofile.png */ = {isa = PBXFileReference; lastKnownFileType = image.png; path = zachprofile.png; sourceTree = "<group>"; };
		3862DC0C1BA545C200FE5CAC /* willprofile.png */ = {isa = PBXFileReference; lastKnownFileType = image.png; path = willprofile.png; sourceTree = "<group>"; };
		3880F2E01BA5189D0012700C /* Hack-A-Team Logo120120.png */ = {isa = PBXFileReference; lastKnownFileType = image.png; path = "Hack-A-Team Logo120120.png"; sourceTree = "<group>"; };
		38A6BB651BA4FC06003DC8B0 /* mhacks.png */ = {isa = PBXFileReference; lastKnownFileType = image.png; path = mhacks.png; sourceTree = "<group>"; };
		38A6BB661BA4FC06003DC8B0 /* RAMHACKS.png */ = {isa = PBXFileReference; lastKnownFileType = image.png; path = RAMHACKS.png; sourceTree = "<group>"; };
		38A6BB671BA4FC06003DC8B0 /* bigred.png */ = {isa = PBXFileReference; lastKnownFileType = image.png; path = bigred.png; sourceTree = "<group>"; };
		38A6BB681BA4FC06003DC8B0 /* hackthenorth.png */ = {isa = PBXFileReference; lastKnownFileType = image.png; path = hackthenorth.png; sourceTree = "<group>"; };
		38A6BB691BA4FC06003DC8B0 /* vandy.png */ = {isa = PBXFileReference; lastKnownFileType = image.png; path = vandy.png; sourceTree = "<group>"; };
		38A6BB6A1BA4FC06003DC8B0 /* hackru.png */ = {isa = PBXFileReference; lastKnownFileType = image.png; path = hackru.png; sourceTree = "<group>"; };
		38A6BB6B1BA4FC06003DC8B0 /* calhacks.png */ = {isa = PBXFileReference; lastKnownFileType = image.png; path = calhacks.png; sourceTree = "<group>"; };
		38A6BB6C1BA4FC06003DC8B0 /* boilermake.png */ = {isa = PBXFileReference; lastKnownFileType = image.png; path = boilermake.png; sourceTree = "<group>"; };
		38A6BB6D1BA4FC06003DC8B0 /* wildhacks.png */ = {isa = PBXFileReference; lastKnownFileType = image.png; path = wildhacks.png; sourceTree = "<group>"; };
		38A6BB791BA509F6003DC8B0 /* purdueP.png */ = {isa = PBXFileReference; lastKnownFileType = image.png; path = purdueP.png; sourceTree = "<group>"; };
		45B7ED5A37A615C485AEC7B5 /* Pods.release.xcconfig */ = {isa = PBXFileReference; includeInIndex = 1; lastKnownFileType = text.xcconfig; name = Pods.release.xcconfig; path = "Pods/Target Support Files/Pods/Pods.release.xcconfig"; sourceTree = "<group>"; };
		C51C2F86ECDBC746D517C503 /* Pods.debug.xcconfig */ = {isa = PBXFileReference; includeInIndex = 1; lastKnownFileType = text.xcconfig; name = Pods.debug.xcconfig; path = "Pods/Target Support Files/Pods/Pods.debug.xcconfig"; sourceTree = "<group>"; };
		FC35465977FE331C97E5637A /* libPods.a */ = {isa = PBXFileReference; explicitFileType = archive.ar; includeInIndex = 0; path = libPods.a; sourceTree = BUILT_PRODUCTS_DIR; };
/* End PBXFileReference section */

/* Begin PBXFrameworksBuildPhase section */
		26F919231BA48047009E9E1A /* Frameworks */ = {
			isa = PBXFrameworksBuildPhase;
			buildActionMask = 2147483647;
			files = (
				77D1C6558EBE3BDE210A48C8 /* libPods.a in Frameworks */,
			);
			runOnlyForDeploymentPostprocessing = 0;
		};
		26F919381BA48048009E9E1A /* Frameworks */ = {
			isa = PBXFrameworksBuildPhase;
			buildActionMask = 2147483647;
			files = (
			);
			runOnlyForDeploymentPostprocessing = 0;
		};
/* End PBXFrameworksBuildPhase section */

/* Begin PBXGroup section */
		26F9191D1BA48047009E9E1A = {
			isa = PBXGroup;
			children = (
				26F919281BA48047009E9E1A /* HackaTeam */,
				26F9193E1BA48048009E9E1A /* HackaTeamTests */,
				26F919271BA48047009E9E1A /* Products */,
				6ABCD7EB8F831BED8C626D30 /* Pods */,
				CBA489199E0FB7BE241B5D30 /* Frameworks */,
			);
			sourceTree = "<group>";
		};
		26F919271BA48047009E9E1A /* Products */ = {
			isa = PBXGroup;
			children = (
				26F919261BA48047009E9E1A /* HackaTeam.app */,
				26F9193B1BA48048009E9E1A /* HackaTeamTests.xctest */,
			);
			name = Products;
			sourceTree = "<group>";
		};
		26F919281BA48047009E9E1A /* HackaTeam */ = {
			isa = PBXGroup;
			children = (
				26F9192B1BA48047009E9E1A /* AppDelegate.swift */,
				26F9192D1BA48047009E9E1A /* ViewController.swift */,
				269DBCDF1BA56B1A0016D606 /* SkillsTableViewController.swift */,
				269DBCDB1BA508F00016D606 /* HackathonViewController.swift */,
				26F9192F1BA48047009E9E1A /* Main.storyboard */,
				269DBCDD1BA517D00016D606 /* InterestsTableViewController.swift */,
				269DBCD51BA4CCA80016D606 /* SignUpViewController.swift */,
				26F919321BA48047009E9E1A /* Images.xcassets */,
				26F919341BA48047009E9E1A /* LaunchScreen.xib */,
				26F919291BA48047009E9E1A /* Supporting Files */,
			);
			path = HackaTeam;
			sourceTree = "<group>";
		};
		26F919291BA48047009E9E1A /* Supporting Files */ = {
			isa = PBXGroup;
			children = (
				3862DC0B1BA545C200FE5CAC /* zachprofile.png */,
				3862DC0C1BA545C200FE5CAC /* willprofile.png */,
				38A6BB651BA4FC06003DC8B0 /* mhacks.png */,
				38A6BB661BA4FC06003DC8B0 /* RAMHACKS.png */,
				38A6BB791BA509F6003DC8B0 /* purdueP.png */,
				38A6BB671BA4FC06003DC8B0 /* bigred.png */,
				38A6BB681BA4FC06003DC8B0 /* hackthenorth.png */,
				38A6BB691BA4FC06003DC8B0 /* vandy.png */,
				38A6BB6A1BA4FC06003DC8B0 /* hackru.png */,
				3880F2E01BA5189D0012700C /* Hack-A-Team Logo120120.png */,
				38A6BB6B1BA4FC06003DC8B0 /* calhacks.png */,
				38A6BB6C1BA4FC06003DC8B0 /* boilermake.png */,
				38A6BB6D1BA4FC06003DC8B0 /* wildhacks.png */,
				26F9192A1BA48047009E9E1A /* Info.plist */,
			);
			name = "Supporting Files";
			sourceTree = "<group>";
		};
		26F9193E1BA48048009E9E1A /* HackaTeamTests */ = {
			isa = PBXGroup;
			children = (
				26F919411BA48048009E9E1A /* HackaTeamTests.swift */,
				26F9193F1BA48048009E9E1A /* Supporting Files */,
			);
			path = HackaTeamTests;
			sourceTree = "<group>";
		};
		26F9193F1BA48048009E9E1A /* Supporting Files */ = {
			isa = PBXGroup;
			children = (
				26F919401BA48048009E9E1A /* Info.plist */,
			);
			name = "Supporting Files";
			sourceTree = "<group>";
		};
		6ABCD7EB8F831BED8C626D30 /* Pods */ = {
			isa = PBXGroup;
			children = (
				C51C2F86ECDBC746D517C503 /* Pods.debug.xcconfig */,
				45B7ED5A37A615C485AEC7B5 /* Pods.release.xcconfig */,
			);
			name = Pods;
			sourceTree = "<group>";
		};
		CBA489199E0FB7BE241B5D30 /* Frameworks */ = {
			isa = PBXGroup;
			children = (
				FC35465977FE331C97E5637A /* libPods.a */,
			);
			name = Frameworks;
			sourceTree = "<group>";
		};
/* End PBXGroup section */

/* Begin PBXNativeTarget section */
		26F919251BA48047009E9E1A /* HackaTeam */ = {
			isa = PBXNativeTarget;
			buildConfigurationList = 26F919451BA48048009E9E1A /* Build configuration list for PBXNativeTarget "HackaTeam" */;
			buildPhases = (
				5468A5069A9F13C62ED3AC5F /* Check Pods Manifest.lock */,
				26F919221BA48047009E9E1A /* Sources */,
				26F919231BA48047009E9E1A /* Frameworks */,
				26F919241BA48047009E9E1A /* Resources */,
				80D33FD2022A8AFFF06CA5BE /* Copy Pods Resources */,
			);
			buildRules = (
			);
			dependencies = (
			);
			name = HackaTeam;
			productName = HackaTeam;
			productReference = 26F919261BA48047009E9E1A /* HackaTeam.app */;
			productType = "com.apple.product-type.application";
		};
		26F9193A1BA48048009E9E1A /* HackaTeamTests */ = {
			isa = PBXNativeTarget;
			buildConfigurationList = 26F919481BA48048009E9E1A /* Build configuration list for PBXNativeTarget "HackaTeamTests" */;
			buildPhases = (
				26F919371BA48048009E9E1A /* Sources */,
				26F919381BA48048009E9E1A /* Frameworks */,
				26F919391BA48048009E9E1A /* Resources */,
			);
			buildRules = (
			);
			dependencies = (
				26F9193D1BA48048009E9E1A /* PBXTargetDependency */,
			);
			name = HackaTeamTests;
			productName = HackaTeamTests;
			productReference = 26F9193B1BA48048009E9E1A /* HackaTeamTests.xctest */;
			productType = "com.apple.product-type.bundle.unit-test";
		};
/* End PBXNativeTarget section */

/* Begin PBXProject section */
		26F9191E1BA48047009E9E1A /* Project object */ = {
			isa = PBXProject;
			attributes = {
				LastUpgradeCheck = 0640;
				ORGANIZATIONNAME = "William Huang";
				TargetAttributes = {
					26F919251BA48047009E9E1A = {
						CreatedOnToolsVersion = 6.4;
					};
					26F9193A1BA48048009E9E1A = {
						CreatedOnToolsVersion = 6.4;
						TestTargetID = 26F919251BA48047009E9E1A;
					};
				};
			};
			buildConfigurationList = 26F919211BA48047009E9E1A /* Build configuration list for PBXProject "HackaTeam" */;
			compatibilityVersion = "Xcode 3.2";
			developmentRegion = English;
			hasScannedForEncodings = 0;
			knownRegions = (
				en,
				Base,
			);
			mainGroup = 26F9191D1BA48047009E9E1A;
			productRefGroup = 26F919271BA48047009E9E1A /* Products */;
			projectDirPath = "";
			projectRoot = "";
			targets = (
				26F919251BA48047009E9E1A /* HackaTeam */,
				26F9193A1BA48048009E9E1A /* HackaTeamTests */,
			);
		};
/* End PBXProject section */

/* Begin PBXResourcesBuildPhase section */
		26F919241BA48047009E9E1A /* Resources */ = {
			isa = PBXResourcesBuildPhase;
			buildActionMask = 2147483647;
			files = (
				38A6BB731BA4FC06003DC8B0 /* hackru.png in Resources */,
				38A6BB701BA4FC06003DC8B0 /* bigred.png in Resources */,
				38A6BB761BA4FC06003DC8B0 /* wildhacks.png in Resources */,
				38A6BB6F1BA4FC06003DC8B0 /* RAMHACKS.png in Resources */,
				38A6BB7A1BA509F6003DC8B0 /* purdueP.png in Resources */,
				38A6BB741BA4FC06003DC8B0 /* calhacks.png in Resources */,
				3862DC0D1BA545C200FE5CAC /* zachprofile.png in Resources */,
				38A6BB6E1BA4FC06003DC8B0 /* mhacks.png in Resources */,
				26F919311BA48047009E9E1A /* Main.storyboard in Resources */,
				38A6BB711BA4FC06003DC8B0 /* hackthenorth.png in Resources */,
				26F919361BA48047009E9E1A /* LaunchScreen.xib in Resources */,
				3862DC0E1BA545C200FE5CAC /* willprofile.png in Resources */,
				38A6BB721BA4FC06003DC8B0 /* vandy.png in Resources */,
				26F919331BA48047009E9E1A /* Images.xcassets in Resources */,
				38A6BB751BA4FC06003DC8B0 /* boilermake.png in Resources */,
				3880F2E11BA5189D0012700C /* Hack-A-Team Logo120120.png in Resources */,
			);
			runOnlyForDeploymentPostprocessing = 0;
		};
		26F919391BA48048009E9E1A /* Resources */ = {
			isa = PBXResourcesBuildPhase;
			buildActionMask = 2147483647;
			files = (
			);
			runOnlyForDeploymentPostprocessing = 0;
		};
/* End PBXResourcesBuildPhase section */

/* Begin PBXShellScriptBuildPhase section */
		5468A5069A9F13C62ED3AC5F /* Check Pods Manifest.lock */ = {
			isa = PBXShellScriptBuildPhase;
			buildActionMask = 2147483647;
			files = (
			);
			inputPaths = (
			);
			name = "Check Pods Manifest.lock";
			outputPaths = (
			);
			runOnlyForDeploymentPostprocessing = 0;
			shellPath = /bin/sh;
			shellScript = "diff \"${PODS_ROOT}/../Podfile.lock\" \"${PODS_ROOT}/Manifest.lock\" > /dev/null\nif [[ $? != 0 ]] ; then\n    cat << EOM\nerror: The sandbox is not in sync with the Podfile.lock. Run 'pod install' or update your CocoaPods installation.\nEOM\n    exit 1\nfi\n";
			showEnvVarsInLog = 0;
		};
		80D33FD2022A8AFFF06CA5BE /* Copy Pods Resources */ = {
			isa = PBXShellScriptBuildPhase;
			buildActionMask = 2147483647;
			files = (
			);
			inputPaths = (
			);
			name = "Copy Pods Resources";
			outputPaths = (
			);
			runOnlyForDeploymentPostprocessing = 0;
			shellPath = /bin/sh;
			shellScript = "\"${SRCROOT}/Pods/Target Support Files/Pods/Pods-resources.sh\"\n";
			showEnvVarsInLog = 0;
		};
/* End PBXShellScriptBuildPhase section */

/* Begin PBXSourcesBuildPhase section */
		26F919221BA48047009E9E1A /* Sources */ = {
			isa = PBXSourcesBuildPhase;
			buildActionMask = 2147483647;
			files = (
				269DBCDE1BA517D00016D606 /* InterestsTableViewController.swift in Sources */,
				269DBCDC1BA508F00016D606 /* HackathonViewController.swift in Sources */,
				269DBCD61BA4CCA80016D606 /* SignUpViewController.swift in Sources */,
				269DBCE01BA56B1A0016D606 /* SkillsTableViewController.swift in Sources */,
				26F9192E1BA48047009E9E1A /* ViewController.swift in Sources */,
				26F9192C1BA48047009E9E1A /* AppDelegate.swift in Sources */,
			);
			runOnlyForDeploymentPostprocessing = 0;
		};
		26F919371BA48048009E9E1A /* Sources */ = {
			isa = PBXSourcesBuildPhase;
			buildActionMask = 2147483647;
			files = (
				26F919421BA48048009E9E1A /* HackaTeamTests.swift in Sources */,
			);
			runOnlyForDeploymentPostprocessing = 0;
		};
/* End PBXSourcesBuildPhase section */

/* Begin PBXTargetDependency section */
		26F9193D1BA48048009E9E1A /* PBXTargetDependency */ = {
			isa = PBXTargetDependency;
			target = 26F919251BA48047009E9E1A /* HackaTeam */;
			targetProxy = 26F9193C1BA48048009E9E1A /* PBXContainerItemProxy */;
		};
/* End PBXTargetDependency section */

/* Begin PBXVariantGroup section */
		26F9192F1BA48047009E9E1A /* Main.storyboard */ = {
			isa = PBXVariantGroup;
			children = (
				26F919301BA48047009E9E1A /* Base */,
			);
			name = Main.storyboard;
			sourceTree = "<group>";
		};
		26F919341BA48047009E9E1A /* LaunchScreen.xib */ = {
			isa = PBXVariantGroup;
			children = (
				26F919351BA48047009E9E1A /* Base */,
			);
			name = LaunchScreen.xib;
			sourceTree = "<group>";
		};
/* End PBXVariantGroup section */

/* Begin XCBuildConfiguration section */
		26F919431BA48048009E9E1A /* Debug */ = {
			isa = XCBuildConfiguration;
			buildSettings = {
				ALWAYS_SEARCH_USER_PATHS = NO;
				CLANG_CXX_LANGUAGE_STANDARD = "gnu++0x";
				CLANG_CXX_LIBRARY = "libc++";
				CLANG_ENABLE_MODULES = YES;
				CLANG_ENABLE_OBJC_ARC = YES;
				CLANG_WARN_BOOL_CONVERSION = YES;
				CLANG_WARN_CONSTANT_CONVERSION = YES;
				CLANG_WARN_DIRECT_OBJC_ISA_USAGE = YES_ERROR;
				CLANG_WARN_EMPTY_BODY = YES;
				CLANG_WARN_ENUM_CONVERSION = YES;
				CLANG_WARN_INT_CONVERSION = YES;
				CLANG_WARN_OBJC_ROOT_CLASS = YES_ERROR;
				CLANG_WARN_UNREACHABLE_CODE = YES;
				CLANG_WARN__DUPLICATE_METHOD_MATCH = YES;
				"CODE_SIGN_IDENTITY[sdk=iphoneos*]" = "iPhone Developer";
				COPY_PHASE_STRIP = NO;
				DEBUG_INFORMATION_FORMAT = "dwarf-with-dsym";
				ENABLE_STRICT_OBJC_MSGSEND = YES;
				GCC_C_LANGUAGE_STANDARD = gnu99;
				GCC_DYNAMIC_NO_PIC = NO;
				GCC_NO_COMMON_BLOCKS = YES;
				GCC_OPTIMIZATION_LEVEL = 0;
				GCC_PREPROCESSOR_DEFINITIONS = (
					"DEBUG=1",
					"$(inherited)",
				);
				GCC_SYMBOLS_PRIVATE_EXTERN = NO;
				GCC_WARN_64_TO_32_BIT_CONVERSION = YES;
				GCC_WARN_ABOUT_RETURN_TYPE = YES_ERROR;
				GCC_WARN_UNDECLARED_SELECTOR = YES;
				GCC_WARN_UNINITIALIZED_AUTOS = YES_AGGRESSIVE;
				GCC_WARN_UNUSED_FUNCTION = YES;
				GCC_WARN_UNUSED_VARIABLE = YES;
				IPHONEOS_DEPLOYMENT_TARGET = 8.4;
				MTL_ENABLE_DEBUG_INFO = YES;
				ONLY_ACTIVE_ARCH = YES;
				SDKROOT = iphoneos;
				SWIFT_OPTIMIZATION_LEVEL = "-Onone";
				TARGETED_DEVICE_FAMILY = "1,2";
			};
			name = Debug;
		};
		26F919441BA48048009E9E1A /* Release */ = {
			isa = XCBuildConfiguration;
			buildSettings = {
				ALWAYS_SEARCH_USER_PATHS = NO;
				CLANG_CXX_LANGUAGE_STANDARD = "gnu++0x";
				CLANG_CXX_LIBRARY = "libc++";
				CLANG_ENABLE_MODULES = YES;
				CLANG_ENABLE_OBJC_ARC = YES;
				CLANG_WARN_BOOL_CONVERSION = YES;
				CLANG_WARN_CONSTANT_CONVERSION = YES;
				CLANG_WARN_DIRECT_OBJC_ISA_USAGE = YES_ERROR;
				CLANG_WARN_EMPTY_BODY = YES;
				CLANG_WARN_ENUM_CONVERSION = YES;
				CLANG_WARN_INT_CONVERSION = YES;
				CLANG_WARN_OBJC_ROOT_CLASS = YES_ERROR;
				CLANG_WARN_UNREACHABLE_CODE = YES;
				CLANG_WARN__DUPLICATE_METHOD_MATCH = YES;
				"CODE_SIGN_IDENTITY[sdk=iphoneos*]" = "iPhone Developer";
				COPY_PHASE_STRIP = NO;
				DEBUG_INFORMATION_FORMAT = "dwarf-with-dsym";
				ENABLE_NS_ASSERTIONS = NO;
				ENABLE_STRICT_OBJC_MSGSEND = YES;
				GCC_C_LANGUAGE_STANDARD = gnu99;
				GCC_NO_COMMON_BLOCKS = YES;
				GCC_WARN_64_TO_32_BIT_CONVERSION = YES;
				GCC_WARN_ABOUT_RETURN_TYPE = YES_ERROR;
				GCC_WARN_UNDECLARED_SELECTOR = YES;
				GCC_WARN_UNINITIALIZED_AUTOS = YES_AGGRESSIVE;
				GCC_WARN_UNUSED_FUNCTION = YES;
				GCC_WARN_UNUSED_VARIABLE = YES;
				IPHONEOS_DEPLOYMENT_TARGET = 8.4;
				MTL_ENABLE_DEBUG_INFO = NO;
				SDKROOT = iphoneos;
				TARGETED_DEVICE_FAMILY = "1,2";
				VALIDATE_PRODUCT = YES;
			};
			name = Release;
		};
		26F919461BA48048009E9E1A /* Debug */ = {
			isa = XCBuildConfiguration;
			baseConfigurationReference = C51C2F86ECDBC746D517C503 /* Pods.debug.xcconfig */;
			buildSettings = {
				ASSETCATALOG_COMPILER_APPICON_NAME = AppIcon;
				INFOPLIST_FILE = HackaTeam/Info.plist;
				LD_RUNPATH_SEARCH_PATHS = "$(inherited) @executable_path/Frameworks";
				PRODUCT_NAME = "$(TARGET_NAME)";
			};
			name = Debug;
		};
		26F919471BA48048009E9E1A /* Release */ = {
			isa = XCBuildConfiguration;
			baseConfigurationReference = 45B7ED5A37A615C485AEC7B5 /* Pods.release.xcconfig */;
			buildSettings = {
				ASSETCATALOG_COMPILER_APPICON_NAME = AppIcon;
				INFOPLIST_FILE = HackaTeam/Info.plist;
				LD_RUNPATH_SEARCH_PATHS = "$(inherited) @executable_path/Frameworks";
				PRODUCT_NAME = "$(TARGET_NAME)";
			};
			name = Release;
		};
		26F919491BA48048009E9E1A /* Debug */ = {
			isa = XCBuildConfiguration;
			buildSettings = {
				BUNDLE_LOADER = "$(TEST_HOST)";
				FRAMEWORK_SEARCH_PATHS = (
					"$(SDKROOT)/Developer/Library/Frameworks",
					"$(inherited)",
				);
				GCC_PREPROCESSOR_DEFINITIONS = (
					"DEBUG=1",
					"$(inherited)",
				);
				INFOPLIST_FILE = HackaTeamTests/Info.plist;
				LD_RUNPATH_SEARCH_PATHS = "$(inherited) @executable_path/Frameworks @loader_path/Frameworks";
				PRODUCT_NAME = "$(TARGET_NAME)";
				TEST_HOST = "$(BUILT_PRODUCTS_DIR)/HackaTeam.app/HackaTeam";
			};
			name = Debug;
		};
		26F9194A1BA48048009E9E1A /* Release */ = {
			isa = XCBuildConfiguration;
			buildSettings = {
				BUNDLE_LOADER = "$(TEST_HOST)";
				FRAMEWORK_SEARCH_PATHS = (
					"$(SDKROOT)/Developer/Library/Frameworks",
					"$(inherited)",
				);
				INFOPLIST_FILE = HackaTeamTests/Info.plist;
				LD_RUNPATH_SEARCH_PATHS = "$(inherited) @executable_path/Frameworks @loader_path/Frameworks";
				PRODUCT_NAME = "$(TARGET_NAME)";
				TEST_HOST = "$(BUILT_PRODUCTS_DIR)/HackaTeam.app/HackaTeam";
			};
			name = Release;
		};
/* End XCBuildConfiguration section */

/* Begin XCConfigurationList section */
		26F919211BA48047009E9E1A /* Build configuration list for PBXProject "HackaTeam" */ = {
			isa = XCConfigurationList;
			buildConfigurations = (
				26F919431BA48048009E9E1A /* Debug */,
				26F919441BA48048009E9E1A /* Release */,
			);
			defaultConfigurationIsVisible = 0;
			defaultConfigurationName = Release;
		};
		26F919451BA48048009E9E1A /* Build configuration list for PBXNativeTarget "HackaTeam" */ = {
			isa = XCConfigurationList;
			buildConfigurations = (
				26F919461BA48048009E9E1A /* Debug */,
				26F919471BA48048009E9E1A /* Release */,
			);
			defaultConfigurationIsVisible = 0;
			defaultConfigurationName = Release;
		};
		26F919481BA48048009E9E1A /* Build configuration list for PBXNativeTarget "HackaTeamTests" */ = {
			isa = XCConfigurationList;
			buildConfigurations = (
				26F919491BA48048009E9E1A /* Debug */,
				26F9194A1BA48048009E9E1A /* Release */,
			);
			defaultConfigurationIsVisible = 0;
			defaultConfigurationName = Release;
		};
/* End XCConfigurationList section */
	};
	rootObject = 26F9191E1BA48047009E9E1A /* Project object */;
}
